
Microsoft Visual Studio Solution File, Format Version 12.00
# Visual Studio Version 17
VisualStudioVersion = 17.4.33122.133
MinimumVisualStudioVersion = 10.0.40219.1
Project("{FAE04EC0-301F-11D3-BF4B-00C04F79EFBC}") = "Auction", "Auction\Auction.csproj", "{49B99977-118D-4114-9618-384239D9F93E}"
EndProject
Global
	GlobalSection(SolutionConfigurationPlatforms) = preSolution
		Debug|Any CPU = Debug|Any CPU
		Release|Any CPU = Release|Any CPU
	EndGlobalSection
	GlobalSection(ProjectConfigurationPlatforms) = postSolution
		{49B99977-118D-4114-9618-384239D9F93E}.Debug|Any CPU.ActiveCfg = Debug|Any CPU
		{49B99977-118D-4114-9618-384239D9F93E}.Debug|Any CPU.Build.0 = Debug|Any CPU
		{49B99977-118D-4114-9618-384239D9F93E}.Release|Any CPU.ActiveCfg = Release|Any CPU
		{49B99977-118D-4114-9618-384239D9F93E}.Release|Any CPU.Build.0 = Release|Any CPU
	EndGlobalSection
	GlobalSection(SolutionProperties) = preSolution
		HideSolutionNode = FALSE
	EndGlobalSection
	GlobalSection(ExtensibilityGlobals) = postSolution
		SolutionGuid = {22A2773F-56B8-4F26-963B-042A85951B1F}
	EndGlobalSection
EndGlobal
